
Microsoft Visual Studio Solution File, Format Version 12.00
# Visual Studio 15
VisualStudioVersion = 15.0.28307.1684
MinimumVisualStudioVersion = 10.0.40219.1
Project("{8BC9CEB8-8B4A-11D0-8D11-00A0C91BC942}") = "结构体初识", "结构体初识\结构体初识.vcxproj", "{2DA21EAD-7604-4AB8-B912-64DDAC0541B7}"
EndProject
Global
	GlobalSection(SolutionConfigurationPlatforms) = preSolution
		Debug|x64 = Debug|x64
		Debug|x86 = Debug|x86
		Release|x64 = Release|x64
		Release|x86 = Release|x86
	EndGlobalSection
	GlobalSection(ProjectConfigurationPlatforms) = postSolution
		{2DA21EAD-7604-4AB8-B912-64DDAC0541B7}.Debug|x64.ActiveCfg = Debug|x64
		{2DA21EAD-7604-4AB8-B912-64DDAC0541B7}.Debug|x64.Build.0 = Debug|x64
		{2DA21EAD-7604-4AB8-B912-64DDAC0541B7}.Debug|x86.ActiveCfg = Debug|Win32
		{2DA21EAD-7604-4AB8-B912-64DDAC0541B7}.Debug|x86.Build.0 = Debug|Win32
		{2DA21EAD-7604-4AB8-B912-64DDAC0541B7}.Release|x64.ActiveCfg = Release|x64
		{2DA21EAD-7604-4AB8-B912-64DDAC0541B7}.Release|x64.Build.0 = Release|x64
		{2DA21EAD-7604-4AB8-B912-64DDAC0541B7}.Release|x86.ActiveCfg = Release|Win32
		{2DA21EAD-7604-4AB8-B912-64DDAC0541B7}.Release|x86.Build.0 = Release|Win32
	EndGlobalSection
	GlobalSection(SolutionProperties) = preSolution
		HideSolutionNode = FALSE
	EndGlobalSection
	GlobalSection(ExtensibilityGlobals) = postSolution
		SolutionGuid = {B7DF2AA6-1660-405F-8F40-E2301AF80A49}
	EndGlobalSection
EndGlobal
