
Microsoft Visual Studio Solution File, Format Version 12.00
# Visual Studio 15
VisualStudioVersion = 15.0.28307.1684
MinimumVisualStudioVersion = 10.0.40219.1
Project("{8BC9CEB8-8B4A-11D0-8D11-00A0C91BC942}") = "操作符详解", "操作符详解\操作符详解.vcxproj", "{F8B830F9-A03C-45AE-BEB9-B4C88A195C9E}"
EndProject
Global
	GlobalSection(SolutionConfigurationPlatforms) = preSolution
		Debug|x64 = Debug|x64
		Debug|x86 = Debug|x86
		Release|x64 = Release|x64
		Release|x86 = Release|x86
	EndGlobalSection
	GlobalSection(ProjectConfigurationPlatforms) = postSolution
		{F8B830F9-A03C-45AE-BEB9-B4C88A195C9E}.Debug|x64.ActiveCfg = Debug|x64
		{F8B830F9-A03C-45AE-BEB9-B4C88A195C9E}.Debug|x64.Build.0 = Debug|x64
		{F8B830F9-A03C-45AE-BEB9-B4C88A195C9E}.Debug|x86.ActiveCfg = Debug|Win32
		{F8B830F9-A03C-45AE-BEB9-B4C88A195C9E}.Debug|x86.Build.0 = Debug|Win32
		{F8B830F9-A03C-45AE-BEB9-B4C88A195C9E}.Release|x64.ActiveCfg = Release|x64
		{F8B830F9-A03C-45AE-BEB9-B4C88A195C9E}.Release|x64.Build.0 = Release|x64
		{F8B830F9-A03C-45AE-BEB9-B4C88A195C9E}.Release|x86.ActiveCfg = Release|Win32
		{F8B830F9-A03C-45AE-BEB9-B4C88A195C9E}.Release|x86.Build.0 = Release|Win32
	EndGlobalSection
	GlobalSection(SolutionProperties) = preSolution
		HideSolutionNode = FALSE
	EndGlobalSection
	GlobalSection(ExtensibilityGlobals) = postSolution
		SolutionGuid = {73B7BED2-7956-441E-B2A9-F5300C1B6C5D}
	EndGlobalSection
EndGlobal
